<?xml version="1.0" encoding="utf-8"?>
<Project ToolsVersion="4.0" xmlns="http://schemas.microsoft.com/developer/msbuild/2003">
  <ItemGroup>
    <Filter Include="src">
      <UniqueIdentifier>{6ab1f62c-b3c5-438f-a1aa-185c772b41d2}</UniqueIdentifier>
    </Filter>
    <Filter Include="textures">
      <UniqueIdentifier>{b917cac7-9247-4c8d-9b25-fc049fe012ef}</UniqueIdentifier>
    </Filter>
  </ItemGroup>
  <ItemGroup>
    <ClCompile Include="src\Main.cpp">
      <Filter>src</Filter>
    </ClCompile>
    <ClCompile Include="src\bmp.cpp">
      <Filter>src</Filter>
    </ClCompile>
  </ItemGroup>
  <ItemGroup>
    <ClInclude Include="src\bmp.h">
      <Filter>src</Filter>
    </ClInclude>
  </ItemGroup>
  <ItemGroup>
    <Image Include="textures\checker.bmp">
      <Filter>textures</Filter>
    </Image>
    <Image Include="textures\container2.png">
      <Filter>textures</Filter>
    </Image>
    <Image Include="textures\textura1.bmp">
      <Filter>textures</Filter>
    </Image>
    <Image Include="textures\textura2.bmp">
      <Filter>textures</Filter>
    </Image>
    <Image Include="textures\textura3.bmp">
      <Filter>textures</Filter>
    </Image>
  </ItemGroup>
</Project>